
Microsoft Visual Studio Solution File, Format Version 12.00
# Visual Studio Version 17
VisualStudioVersion = 17.14.36518.9
MinimumVisualStudioVersion = 10.0.40219.1
Project("{FAE04EC0-301F-11D3-BF4B-00C04F79EFBC}") = "BlazerThreeFiveCharSheet", "BlazerThreeFiveCharSheet\BlazerThreeFiveCharSheet.csproj", "{97A035D1-2483-403B-833A-C39C6ABE2A0F}"
EndProject
Project("{FAE04EC0-301F-11D3-BF4B-00C04F79EFBC}") = "BlazerThreeFiveCharSheet.Client", "BlazerThreeFiveCharSheet.Client\BlazerThreeFiveCharSheet.Client.csproj", "{B580C890-60A0-489C-B8F5-951F266FEAA1}"
EndProject
Global
	GlobalSection(SolutionConfigurationPlatforms) = preSolution
		Debug|Any CPU = Debug|Any CPU
		Release|Any CPU = Release|Any CPU
	EndGlobalSection
	GlobalSection(ProjectConfigurationPlatforms) = postSolution
		{97A035D1-2483-403B-833A-C39C6ABE2A0F}.Debug|Any CPU.ActiveCfg = Debug|Any CPU
		{97A035D1-2483-403B-833A-C39C6ABE2A0F}.Debug|Any CPU.Build.0 = Debug|Any CPU
		{97A035D1-2483-403B-833A-C39C6ABE2A0F}.Release|Any CPU.ActiveCfg = Release|Any CPU
		{97A035D1-2483-403B-833A-C39C6ABE2A0F}.Release|Any CPU.Build.0 = Release|Any CPU
		{B580C890-60A0-489C-B8F5-951F266FEAA1}.Debug|Any CPU.ActiveCfg = Debug|Any CPU
		{B580C890-60A0-489C-B8F5-951F266FEAA1}.Debug|Any CPU.Build.0 = Debug|Any CPU
		{B580C890-60A0-489C-B8F5-951F266FEAA1}.Release|Any CPU.ActiveCfg = Release|Any CPU
		{B580C890-60A0-489C-B8F5-951F266FEAA1}.Release|Any CPU.Build.0 = Release|Any CPU
	EndGlobalSection
	GlobalSection(SolutionProperties) = preSolution
		HideSolutionNode = FALSE
	EndGlobalSection
	GlobalSection(ExtensibilityGlobals) = postSolution
		SolutionGuid = {96BFCA5F-8439-4108-8B9C-7C59D54E0A93}
	EndGlobalSection
EndGlobal
